// !$*UTF8*$!
{
	archiveVersion = 1;
	classes = {
	};
	objectVersion = 56;
	objects = {

/* Begin PBXBuildFile section */
		89DAE647294069E700C31588 /* AppDelegate.swift in Sources */ = {isa = PBXBuildFile; fileRef = 89DAE646294069E700C31588 /* AppDelegate.swift */; };
		89DAE649294069E700C31588 /* SceneDelegate.swift in Sources */ = {isa = PBXBuildFile; fileRef = 89DAE648294069E700C31588 /* SceneDelegate.swift */; };
		89DAE64B294069E700C31588 /* ViewController.swift in Sources */ = {isa = PBXBuildFile; fileRef = 89DAE64A294069E700C31588 /* ViewController.swift */; };
		89DAE64E294069E700C31588 /* Main.storyboard in Resources */ = {isa = PBXBuildFile; fileRef = 89DAE64C294069E700C31588 /* Main.storyboard */; };
		89DAE650294069E900C31588 /* Assets.xcassets in Resources */ = {isa = PBXBuildFile; fileRef = 89DAE64F294069E900C31588 /* Assets.xcassets */; };
		89DAE653294069E900C31588 /* LaunchScreen.storyboard in Resources */ = {isa = PBXBuildFile; fileRef = 89DAE651294069E900C31588 /* LaunchScreen.storyboard */; };
		89DAE65F29406C2400C31588 /* CustomLabel.swift in Sources */ = {isa = PBXBuildFile; fileRef = 89DAE65E29406C2400C31588 /* CustomLabel.swift */; };
		89DAE66129406C7100C31588 /* CustomButton.swift in Sources */ = {isa = PBXBuildFile; fileRef = 89DAE66029406C7100C31588 /* CustomButton.swift */; };
		89DAE66329406CB400C31588 /* CustomTextField.swift in Sources */ = {isa = PBXBuildFile; fileRef = 89DAE66229406CB400C31588 /* CustomTextField.swift */; };
/* End PBXBuildFile section */

/* Begin PBXFileReference section */
		89DAE643294069E700C31588 /* CustomViewDemo.app */ = {isa = PBXFileReference; explicitFileType = wrapper.application; includeInIndex = 0; path = CustomViewDemo.app; sourceTree = BUILT_PRODUCTS_DIR; };
		89DAE646294069E700C31588 /* AppDelegate.swift */ = {isa = PBXFileReference; lastKnownFileType = sourcecode.swift; path = AppDelegate.swift; sourceTree = "<group>"; };
		89DAE648294069E700C31588 /* SceneDelegate.swift */ = {isa = PBXFileReference; lastKnownFileType = sourcecode.swift; path = SceneDelegate.swift; sourceTree = "<group>"; };
		89DAE64A294069E700C31588 /* ViewController.swift */ = {isa = PBXFileReference; lastKnownFileType = sourcecode.swift; path = ViewController.swift; sourceTree = "<group>"; };
		89DAE64D294069E700C31588 /* Base */ = {isa = PBXFileReference; lastKnownFileType = file.storyboard; name = Base; path = Base.lproj/Main.storyboard; sourceTree = "<group>"; };
		89DAE64F294069E900C31588 /* Assets.xcassets */ = {isa = PBXFileReference; lastKnownFileType = folder.assetcatalog; path = Assets.xcassets; sourceTree = "<group>"; };
		89DAE652294069E900C31588 /* Base */ = {isa = PBXFileReference; lastKnownFileType = file.storyboard; name = Base; path = Base.lproj/LaunchScreen.storyboard; sourceTree = "<group>"; };
		89DAE654294069E900C31588 /* Info.plist */ = {isa = PBXFileReference; lastKnownFileType = text.plist.xml; path = Info.plist; sourceTree = "<group>"; };
		89DAE65E29406C2400C31588 /* CustomLabel.swift */ = {isa = PBXFileReference; lastKnownFileType = sourcecode.swift; path = CustomLabel.swift; sourceTree = "<group>"; };
		89DAE66029406C7100C31588 /* CustomButton.swift */ = {isa = PBXFileReference; lastKnownFileType = sourcecode.swift; path = CustomButton.swift; sourceTree = "<group>"; };
		89DAE66229406CB400C31588 /* CustomTextField.swift */ = {isa = PBXFileReference; lastKnownFileType = sourcecode.swift; path = CustomTextField.swift; sourceTree = "<group>"; };
/* End PBXFileReference section */

/* Begin PBXFrameworksBuildPhase section */
		89DAE640294069E700C31588 /* Frameworks */ = {
			isa = PBXFrameworksBuildPhase;
			buildActionMask = 2147483647;
			files = (
			);
			runOnlyForDeploymentPostprocessing = 0;
		};
/* End PBXFrameworksBuildPhase section */

/* Begin PBXGroup section */
		89DAE63A294069E700C31588 = {
			isa = PBXGroup;
			children = (
				89DAE645294069E700C31588 /* CustomViewDemo */,
				89DAE644294069E700C31588 /* Products */,
			);
			sourceTree = "<group>";
		};
		89DAE644294069E700C31588 /* Products */ = {
			isa = PBXGroup;
			children = (
				89DAE643294069E700C31588 /* CustomViewDemo.app */,
			);
			name = Products;
			sourceTree = "<group>";
		};
		89DAE645294069E700C31588 /* CustomViewDemo */ = {
			isa = PBXGroup;
			children = (
				89DAE65D29406A1300C31588 /* resources */,
				89DAE65C29406A0600C31588 /* controller */,
				89DAE65B294069FF00C31588 /* view */,
				89DAE65A294069F600C31588 /* model */,
				89DAE646294069E700C31588 /* AppDelegate.swift */,
				89DAE648294069E700C31588 /* SceneDelegate.swift */,
				89DAE64C294069E700C31588 /* Main.storyboard */,
				89DAE64F294069E900C31588 /* Assets.xcassets */,
				89DAE651294069E900C31588 /* LaunchScreen.storyboard */,
				89DAE654294069E900C31588 /* Info.plist */,
			);
			path = CustomViewDemo;
			sourceTree = "<group>";
		};
		89DAE65A294069F600C31588 /* model */ = {
			isa = PBXGroup;
			children = (
			);
			path = model;
			sourceTree = "<group>";
		};
		89DAE65B294069FF00C31588 /* view */ = {
			isa = PBXGroup;
			children = (
				89DAE65E29406C2400C31588 /* CustomLabel.swift */,
				89DAE66029406C7100C31588 /* CustomButton.swift */,
				89DAE66229406CB400C31588 /* CustomTextField.swift */,
			);
			path = view;
			sourceTree = "<group>";
		};
		89DAE65C29406A0600C31588 /* controller */ = {
			isa = PBXGroup;
			children = (
				89DAE64A294069E700C31588 /* ViewController.swift */,
			);
			path = controller;
			sourceTree = "<group>";
		};
		89DAE65D29406A1300C31588 /* resources */ = {
			isa = PBXGroup;
			children = (
			);
			path = resources;
			sourceTree = "<group>";
		};
/* End PBXGroup section */

/* Begin PBXNativeTarget section */
		89DAE642294069E700C31588 /* CustomViewDemo */ = {
			isa = PBXNativeTarget;
			buildConfigurationList = 89DAE657294069E900C31588 /* Build configuration list for PBXNativeTarget "CustomViewDemo" */;
			buildPhases = (
				89DAE63F294069E700C31588 /* Sources */,
				89DAE640294069E700C31588 /* Frameworks */,
				89DAE641294069E700C31588 /* Resources */,
			);
			buildRules = (
			);
			dependencies = (
			);
			name = CustomViewDemo;
			productName = CustomViewDemo;
			productReference = 89DAE643294069E700C31588 /* CustomViewDemo.app */;
			productType = "com.apple.product-type.application";
		};
/* End PBXNativeTarget section */

/* Begin PBXProject section */
		89DAE63B294069E700C31588 /* Project object */ = {
			isa = PBXProject;
			attributes = {
				BuildIndependentTargetsInParallel = 1;
				LastSwiftUpdateCheck = 1410;
				LastUpgradeCheck = 1410;
				TargetAttributes = {
					89DAE642294069E700C31588 = {
						CreatedOnToolsVersion = 14.1;
					};
				};
			};
			buildConfigurationList = 89DAE63E294069E700C31588 /* Build configuration list for PBXProject "CustomViewDemo" */;
			compatibilityVersion = "Xcode 14.0";
			developmentRegion = en;
			hasScannedForEncodings = 0;
			knownRegions = (
				en,
				Base,
			);
			mainGroup = 89DAE63A294069E700C31588;
			productRefGroup = 89DAE644294069E700C31588 /* Products */;
			projectDirPath = "";
			projectRoot = "";
			targets = (
				89DAE642294069E700C31588 /* CustomViewDemo */,
			);
		};
/* End PBXProject section */

/* Begin PBXResourcesBuildPhase section */
		89DAE641294069E700C31588 /* Resources */ = {
			isa = PBXResourcesBuildPhase;
			buildActionMask = 2147483647;
			files = (
				89DAE653294069E900C31588 /* LaunchScreen.storyboard in Resources */,
				89DAE650294069E900C31588 /* Assets.xcassets in Resources */,
				89DAE64E294069E700C31588 /* Main.storyboard in Resources */,
			);
			runOnlyForDeploymentPostprocessing = 0;
		};
/* End PBXResourcesBuildPhase section */

/* Begin PBXSourcesBuildPhase section */
		89DAE63F294069E700C31588 /* Sources */ = {
			isa = PBXSourcesBuildPhase;
			buildActionMask = 2147483647;
			files = (
				89DAE66129406C7100C31588 /* CustomButton.swift in Sources */,
				89DAE64B294069E700C31588 /* ViewController.swift in Sources */,
				89DAE647294069E700C31588 /* AppDelegate.swift in Sources */,
				89DAE66329406CB400C31588 /* CustomTextField.swift in Sources */,
				89DAE649294069E700C31588 /* SceneDelegate.swift in Sources */,
				89DAE65F29406C2400C31588 /* CustomLabel.swift in Sources */,
			);
			runOnlyForDeploymentPostprocessing = 0;
		};
/* End PBXSourcesBuildPhase section */

/* Begin PBXVariantGroup section */
		89DAE64C294069E700C31588 /* Main.storyboard */ = {
			isa = PBXVariantGroup;
			children = (
				89DAE64D294069E700C31588 /* Base */,
			);
			name = Main.storyboard;
			sourceTree = "<group>";
		};
		89DAE651294069E900C31588 /* LaunchScreen.storyboard */ = {
			isa = PBXVariantGroup;
			children = (
				89DAE652294069E900C31588 /* Base */,
			);
			name = LaunchScreen.storyboard;
			sourceTree = "<group>";
		};
/* End PBXVariantGroup section */

/* Begin XCBuildConfiguration section */
		89DAE655294069E900C31588 /* Debug */ = {
			isa = XCBuildConfiguration;
			buildSettings = {
				ALWAYS_SEARCH_USER_PATHS = NO;
				CLANG_ANALYZER_NONNULL = YES;
				CLANG_ANALYZER_NUMBER_OBJECT_CONVERSION = YES_AGGRESSIVE;
				CLANG_CXX_LANGUAGE_STANDARD = "gnu++20";
				CLANG_ENABLE_MODULES = YES;
				CLANG_ENABLE_OBJC_ARC = YES;
				CLANG_ENABLE_OBJC_WEAK = YES;
				CLANG_WARN_BLOCK_CAPTURE_AUTORELEASING = YES;
				CLANG_WARN_BOOL_CONVERSION = YES;
				CLANG_WARN_COMMA = YES;
				CLANG_WARN_CONSTANT_CONVERSION = YES;
				CLANG_WARN_DEPRECATED_OBJC_IMPLEMENTATIONS = YES;
				CLANG_WARN_DIRECT_OBJC_ISA_USAGE = YES_ERROR;
				CLANG_WARN_DOCUMENTATION_COMMENTS = YES;
				CLANG_WARN_EMPTY_BODY = YES;
				CLANG_WARN_ENUM_CONVERSION = YES;
				CLANG_WARN_INFINITE_RECURSION = YES;
				CLANG_WARN_INT_CONVERSION = YES;
				CLANG_WARN_NON_LITERAL_NULL_CONVERSION = YES;
				CLANG_WARN_OBJC_IMPLICIT_RETAIN_SELF = YES;
				CLANG_WARN_OBJC_LITERAL_CONVERSION = YES;
				CLANG_WARN_OBJC_ROOT_CLASS = YES_ERROR;
				CLANG_WARN_QUOTED_INCLUDE_IN_FRAMEWORK_HEADER = YES;
				CLANG_WARN_RANGE_LOOP_ANALYSIS = YES;
				CLANG_WARN_STRICT_PROTOTYPES = YES;
				CLANG_WARN_SUSPICIOUS_MOVE = YES;
				CLANG_WARN_UNGUARDED_AVAILABILITY = YES_AGGRESSIVE;
				CLANG_WARN_UNREACHABLE_CODE = YES;
				CLANG_WARN__DUPLICATE_METHOD_MATCH = YES;
				COPY_PHASE_STRIP = NO;
				DEBUG_INFORMATION_FORMAT = dwarf;
				ENABLE_STRICT_OBJC_MSGSEND = YES;
				ENABLE_TESTABILITY = YES;
				GCC_C_LANGUAGE_STANDARD = gnu11;
				GCC_DYNAMIC_NO_PIC = NO;
				GCC_NO_COMMON_BLOCKS = YES;
				GCC_OPTIMIZATION_LEVEL = 0;
				GCC_PREPROCESSOR_DEFINITIONS = (
					"DEBUG=1",
					"$(inherited)",
				);
				GCC_WARN_64_TO_32_BIT_CONVERSION = YES;
				GCC_WARN_ABOUT_RETURN_TYPE = YES_ERROR;
				GCC_WARN_UNDECLARED_SELECTOR = YES;
				GCC_WARN_UNINITIALIZED_AUTOS = YES_AGGRESSIVE;
				GCC_WARN_UNUSED_FUNCTION = YES;
				GCC_WARN_UNUSED_VARIABLE = YES;
				IPHONEOS_DEPLOYMENT_TARGET = 16.1;
				MTL_ENABLE_DEBUG_INFO = INCLUDE_SOURCE;
				MTL_FAST_MATH = YES;
				ONLY_ACTIVE_ARCH = YES;
				SDKROOT = iphoneos;
				SWIFT_ACTIVE_COMPILATION_CONDITIONS = DEBUG;
				SWIFT_OPTIMIZATION_LEVEL = "-Onone";
			};
			name = Debug;
		};
		89DAE656294069E900C31588 /* Release */ = {
			isa = XCBuildConfiguration;
			buildSettings = {
				ALWAYS_SEARCH_USER_PATHS = NO;
				CLANG_ANALYZER_NONNULL = YES;
				CLANG_ANALYZER_NUMBER_OBJECT_CONVERSION = YES_AGGRESSIVE;
				CLANG_CXX_LANGUAGE_STANDARD = "gnu++20";
				CLANG_ENABLE_MODULES = YES;
				CLANG_ENABLE_OBJC_ARC = YES;
				CLANG_ENABLE_OBJC_WEAK = YES;
				CLANG_WARN_BLOCK_CAPTURE_AUTORELEASING = YES;
				CLANG_WARN_BOOL_CONVERSION = YES;
				CLANG_WARN_COMMA = YES;
				CLANG_WARN_CONSTANT_CONVERSION = YES;
				CLANG_WARN_DEPRECATED_OBJC_IMPLEMENTATIONS = YES;
				CLANG_WARN_DIRECT_OBJC_ISA_USAGE = YES_ERROR;
				CLANG_WARN_DOCUMENTATION_COMMENTS = YES;
				CLANG_WARN_EMPTY_BODY = YES;
				CLANG_WARN_ENUM_CONVERSION = YES;
				CLANG_WARN_INFINITE_RECURSION = YES;
				CLANG_WARN_INT_CONVERSION = YES;
				CLANG_WARN_NON_LITERAL_NULL_CONVERSION = YES;
				CLANG_WARN_OBJC_IMPLICIT_RETAIN_SELF = YES;
				CLANG_WARN_OBJC_LITERAL_CONVERSION = YES;
				CLANG_WARN_OBJC_ROOT_CLASS = YES_ERROR;
				CLANG_WARN_QUOTED_INCLUDE_IN_FRAMEWORK_HEADER = YES;
				CLANG_WARN_RANGE_LOOP_ANALYSIS = YES;
				CLANG_WARN_STRICT_PROTOTYPES = YES;
				CLANG_WARN_SUSPICIOUS_MOVE = YES;
				CLANG_WARN_UNGUARDED_AVAILABILITY = YES_AGGRESSIVE;
				CLANG_WARN_UNREACHABLE_CODE = YES;
				CLANG_WARN__DUPLICATE_METHOD_MATCH = YES;
				COPY_PHASE_STRIP = NO;
				DEBUG_INFORMATION_FORMAT = "dwarf-with-dsym";
				ENABLE_NS_ASSERTIONS = NO;
				ENABLE_STRICT_OBJC_MSGSEND = YES;
				GCC_C_LANGUAGE_STANDARD = gnu11;
				GCC_NO_COMMON_BLOCKS = YES;
				GCC_WARN_64_TO_32_BIT_CONVERSION = YES;
				GCC_WARN_ABOUT_RETURN_TYPE = YES_ERROR;
				GCC_WARN_UNDECLARED_SELECTOR = YES;
				GCC_WARN_UNINITIALIZED_AUTOS = YES_AGGRESSIVE;
				GCC_WARN_UNUSED_FUNCTION = YES;
				GCC_WARN_UNUSED_VARIABLE = YES;
				IPHONEOS_DEPLOYMENT_TARGET = 16.1;
				MTL_ENABLE_DEBUG_INFO = NO;
				MTL_FAST_MATH = YES;
				SDKROOT = iphoneos;
				SWIFT_COMPILATION_MODE = wholemodule;
				SWIFT_OPTIMIZATION_LEVEL = "-O";
				VALIDATE_PRODUCT = YES;
			};
			name = Release;
		};
		89DAE658294069E900C31588 /* Debug */ = {
			isa = XCBuildConfiguration;
			buildSettings = {
				ASSETCATALOG_COMPILER_APPICON_NAME = AppIcon;
				ASSETCATALOG_COMPILER_GLOBAL_ACCENT_COLOR_NAME = AccentColor;
				CODE_SIGN_STYLE = Automatic;
				CURRENT_PROJECT_VERSION = 1;
				DEVELOPMENT_TEAM = U8GSKB5S38;
				GENERATE_INFOPLIST_FILE = YES;
				INFOPLIST_FILE = CustomViewDemo/Info.plist;
				INFOPLIST_KEY_UIApplicationSupportsIndirectInputEvents = YES;
				INFOPLIST_KEY_UILaunchStoryboardName = LaunchScreen;
				INFOPLIST_KEY_UIMainStoryboardFile = Main;
				INFOPLIST_KEY_UISupportedInterfaceOrientations_iPad = "UIInterfaceOrientationPortrait UIInterfaceOrientationPortraitUpsideDown UIInterfaceOrientationLandscapeLeft UIInterfaceOrientationLandscapeRight";
				INFOPLIST_KEY_UISupportedInterfaceOrientations_iPhone = "UIInterfaceOrientationPortrait UIInterfaceOrientationLandscapeLeft UIInterfaceOrientationLandscapeRight";
				LD_RUNPATH_SEARCH_PATHS = (
					"$(inherited)",
					"@executable_path/Frameworks",
				);
				MARKETING_VERSION = 1.0;
				PRODUCT_BUNDLE_IDENTIFIER = com.bjitgroup.hello.CustomViewDemo;
				PRODUCT_NAME = "$(TARGET_NAME)";
				SWIFT_EMIT_LOC_STRINGS = YES;
				SWIFT_VERSION = 5.0;
				TARGETED_DEVICE_FAMILY = "1,2";
			};
			name = Debug;
		};
		89DAE659294069E900C31588 /* Release */ = {
			isa = XCBuildConfiguration;
			buildSettings = {
				ASSETCATALOG_COMPILER_APPICON_NAME = AppIcon;
				ASSETCATALOG_COMPILER_GLOBAL_ACCENT_COLOR_NAME = AccentColor;
				CODE_SIGN_STYLE = Automatic;
				CURRENT_PROJECT_VERSION = 1;
				DEVELOPMENT_TEAM = U8GSKB5S38;
				GENERATE_INFOPLIST_FILE = YES;
				INFOPLIST_FILE = CustomViewDemo/Info.plist;
				INFOPLIST_KEY_UIApplicationSupportsIndirectInputEvents = YES;
				INFOPLIST_KEY_UILaunchStoryboardName = LaunchScreen;
				INFOPLIST_KEY_UIMainStoryboardFile = Main;
				INFOPLIST_KEY_UISupportedInterfaceOrientations_iPad = "UIInterfaceOrientationPortrait UIInterfaceOrientationPortraitUpsideDown UIInterfaceOrientationLandscapeLeft UIInterfaceOrientationLandscapeRight";
				INFOPLIST_KEY_UISupportedInterfaceOrientations_iPhone = "UIInterfaceOrientationPortrait UIInterfaceOrientationLandscapeLeft UIInterfaceOrientationLandscapeRight";
				LD_RUNPATH_SEARCH_PATHS = (
					"$(inherited)",
					"@executable_path/Frameworks",
				);
				MARKETING_VERSION = 1.0;
				PRODUCT_BUNDLE_IDENTIFIER = com.bjitgroup.hello.CustomViewDemo;
				PRODUCT_NAME = "$(TARGET_NAME)";
				SWIFT_EMIT_LOC_STRINGS = YES;
				SWIFT_VERSION = 5.0;
				TARGETED_DEVICE_FAMILY = "1,2";
			};
			name = Release;
		};
/* End XCBuildConfiguration section */

/* Begin XCConfigurationList section */
		89DAE63E294069E700C31588 /* Build configuration list for PBXProject "CustomViewDemo" */ = {
			isa = XCConfigurationList;
			buildConfigurations = (
				89DAE655294069E900C31588 /* Debug */,
				89DAE656294069E900C31588 /* Release */,
			);
			defaultConfigurationIsVisible = 0;
			defaultConfigurationName = Release;
		};
		89DAE657294069E900C31588 /* Build configuration list for PBXNativeTarget "CustomViewDemo" */ = {
			isa = XCConfigurationList;
			buildConfigurations = (
				89DAE658294069E900C31588 /* Debug */,
				89DAE659294069E900C31588 /* Release */,
			);
			defaultConfigurationIsVisible = 0;
			defaultConfigurationName = Release;
		};
/* End XCConfigurationList section */
	};
	rootObject = 89DAE63B294069E700C31588 /* Project object */;
}
